// !$*UTF8*$!
{
	archiveVersion = 1;
	classes = {
	};
	objectVersion = 56;
	objects = {

/* Begin PBXBuildFile section */
		AC27EA192D2FA4520012B47A /* BoxpayDemoApp.swift in Sources */ = {isa = PBXBuildFile; fileRef = AC59EF7E2D265A4600A12D2F /* BoxpayDemoApp.swift */; };
		AC27EA1F2D2FA8A10012B47A /* CheckoutSessionResponse.swift in Sources */ = {isa = PBXBuildFile; fileRef = AC27EA1E2D2FA8950012B47A /* CheckoutSessionResponse.swift */; };
		AC27EA212D2FDC070012B47A /* MainCheckoutSheet.swift in Sources */ = {isa = PBXBuildFile; fileRef = AC6A65C52D22833E00B4DAE5 /* MainCheckoutSheet.swift */; };
		AC27EA252D3667340012B47A /* APIManager.swift in Sources */ = {isa = PBXBuildFile; fileRef = AC27EA242D3667340012B47A /* APIManager.swift */; };
		AC59EF812D265A4600A12D2F /* ContentView.swift in Sources */ = {isa = PBXBuildFile; fileRef = AC59EF802D265A4600A12D2F /* ContentView.swift */; };
		AC59EF832D265A4900A12D2F /* Assets.xcassets in Resources */ = {isa = PBXBuildFile; fileRef = AC59EF822D265A4900A12D2F /* Assets.xcassets */; };
		AC59EF862D265A4900A12D2F /* Preview Assets.xcassets in Resources */ = {isa = PBXBuildFile; fileRef = AC59EF852D265A4900A12D2F /* Preview Assets.xcassets */; };
		AC6A65BD2D2282B400B4DAE5 /* boxpay_ios_checkout.h in Headers */ = {isa = PBXBuildFile; fileRef = AC6A65BC2D2282B400B4DAE5 /* boxpay_ios_checkout.h */; settings = {ATTRIBUTES = (Public, ); }; };
		AC6A65C82D22AE8100B4DAE5 /* Media.xcassets in Resources */ = {isa = PBXBuildFile; fileRef = AC6A65C72D22AE8100B4DAE5 /* Media.xcassets */; };
		AC6A65CA2D22B20500B4DAE5 /* TestClass.swift in Sources */ = {isa = PBXBuildFile; fileRef = AC6A65C92D22B20500B4DAE5 /* TestClass.swift */; };
		AC7EA4802D3E294400E279FF /* GeneralSuccessScreen.swift in Sources */ = {isa = PBXBuildFile; fileRef = AC7EA47F2D3E294100E279FF /* GeneralSuccessScreen.swift */; };
		AC7EA4822D40EA5500E279FF /* PaymentResponse.swift in Sources */ = {isa = PBXBuildFile; fileRef = AC7EA4812D40EA4E00E279FF /* PaymentResponse.swift */; };
		AC7EA4842D40F6AC00E279FF /* PaymentFailureScreen.swift in Sources */ = {isa = PBXBuildFile; fileRef = AC7EA4832D40F6AA00E279FF /* PaymentFailureScreen.swift */; };
		AC7EA4872D422D3100E279FF /* TimerManager.swift in Sources */ = {isa = PBXBuildFile; fileRef = AC7EA4862D422D2E00E279FF /* TimerManager.swift */; };
		AC7EA4892D4230D600E279FF /* SessionExpireScreen.swift in Sources */ = {isa = PBXBuildFile; fileRef = AC7EA4882D4230CA00E279FF /* SessionExpireScreen.swift */; };
		AC7EA48B2D4233B100E279FF /* Color.swift in Sources */ = {isa = PBXBuildFile; fileRef = AC7EA48A2D4233AA00E279FF /* Color.swift */; };
		AC7EA48D2D423F7F00E279FF /* TimeDifferenceCalculator.swift in Sources */ = {isa = PBXBuildFile; fileRef = AC7EA48C2D423F7D00E279FF /* TimeDifferenceCalculator.swift */; };
		AC7EA48F2D47558900E279FF /* AddCardView.swift in Sources */ = {isa = PBXBuildFile; fileRef = AC7EA48E2D47558900E279FF /* AddCardView.swift */; };
		AC7EA4912D47882D00E279FF /* NavigationHelper.swift in Sources */ = {isa = PBXBuildFile; fileRef = AC7EA4902D47881B00E279FF /* NavigationHelper.swift */; };
		AC7EA4942D47AD6000E279FF /* CVVInfoView.swift in Sources */ = {isa = PBXBuildFile; fileRef = AC7EA4932D47AD6000E279FF /* CVVInfoView.swift */; };
		AC7EA4962D49064700E279FF /* KeyboardDismissModifier.swift in Sources */ = {isa = PBXBuildFile; fileRef = AC7EA4952D49064200E279FF /* KeyboardDismissModifier.swift */; };
		AC7EA4982D49EFD500E279FF /* WebViewScreen.swift in Sources */ = {isa = PBXBuildFile; fileRef = AC7EA4972D49EFD300E279FF /* WebViewScreen.swift */; };
		AC7EA49E2D49FDEC00E279FF /* LoaderViewModifier.swift in Sources */ = {isa = PBXBuildFile; fileRef = AC7EA49D2D49FDEA00E279FF /* LoaderViewModifier.swift */; };
		AC7EA4A02D4A04C900E279FF /* CustomFailureSheetModifier.swift in Sources */ = {isa = PBXBuildFile; fileRef = AC7EA49F2D4A04BB00E279FF /* CustomFailureSheetModifier.swift */; };
		AC7EA4A42D4A088C00E279FF /* PaymentViewModel.swift in Sources */ = {isa = PBXBuildFile; fileRef = AC7EA4A32D4A088900E279FF /* PaymentViewModel.swift */; };
		AC7EA4A62D4A08C600E279FF /* RepeatingTask.swift in Sources */ = {isa = PBXBuildFile; fileRef = AC7EA4A52D4A08BF00E279FF /* RepeatingTask.swift */; };
		AC7EA4A82D4A35D200E279FF /* PaymentResultDelegate.swift in Sources */ = {isa = PBXBuildFile; fileRef = AC7EA4A72D4A35D100E279FF /* PaymentResultDelegate.swift */; };
		AC7EA4AA2D4A35E200E279FF /* PaymentResultObject.swift in Sources */ = {isa = PBXBuildFile; fileRef = AC7EA4A92D4A35E200E279FF /* PaymentResultObject.swift */; };
		AC7EA4AC2D4A35FB00E279FF /* PaymentCallbackManager.swift in Sources */ = {isa = PBXBuildFile; fileRef = AC7EA4AB2D4A35FB00E279FF /* PaymentCallbackManager.swift */; };
		AC7EA4AE2D4A431E00E279FF /* PaymentViewController.swift in Sources */ = {isa = PBXBuildFile; fileRef = AC7EA4AD2D4A431E00E279FF /* PaymentViewController.swift */; };
		AC7EA4B02D4A433000E279FF /* ConfigurationOptions.swift in Sources */ = {isa = PBXBuildFile; fileRef = AC7EA4AF2D4A433000E279FF /* ConfigurationOptions.swift */; };
		AC7EA4B32D4B3F5000E279FF /* DismissManager.swift in Sources */ = {isa = PBXBuildFile; fileRef = AC7EA4B22D4B3F4F00E279FF /* DismissManager.swift */; };
		ACCC75A52D38E94300D50347 /* Contentnew.swift in Sources */ = {isa = PBXBuildFile; fileRef = ACCC75A42D38E93800D50347 /* Contentnew.swift */; };
		ACCC75A72D38E9F100D50347 /* boxpay_ios_checkout.framework in Embed Frameworks */ = {isa = PBXBuildFile; fileRef = AC6A65B92D2282B400B4DAE5 /* boxpay_ios_checkout.framework */; settings = {ATTRIBUTES = (CodeSignOnCopy, RemoveHeadersOnCopy, ); }; };
		ACCC75A92D38EB7A00D50347 /* boxpay_ios_checkout.framework in Frameworks */ = {isa = PBXBuildFile; fileRef = AC6A65B92D2282B400B4DAE5 /* boxpay_ios_checkout.framework */; };
/* End PBXBuildFile section */

/* Begin PBXCopyFilesBuildPhase section */
		ACCC75A82D38E9F100D50347 /* Embed Frameworks */ = {
			isa = PBXCopyFilesBuildPhase;
			buildActionMask = 2147483647;
			dstPath = "";
			dstSubfolderSpec = 10;
			files = (
				ACCC75A72D38E9F100D50347 /* boxpay_ios_checkout.framework in Embed Frameworks */,
			);
			name = "Embed Frameworks";
			runOnlyForDeploymentPostprocessing = 0;
		};
/* End PBXCopyFilesBuildPhase section */

/* Begin PBXFileReference section */
		AC27EA1E2D2FA8950012B47A /* CheckoutSessionResponse.swift */ = {isa = PBXFileReference; lastKnownFileType = sourcecode.swift; path = CheckoutSessionResponse.swift; sourceTree = "<group>"; };
		AC27EA242D3667340012B47A /* APIManager.swift */ = {isa = PBXFileReference; lastKnownFileType = sourcecode.swift; path = APIManager.swift; sourceTree = "<group>"; };
		AC59EF7C2D265A4600A12D2F /* BoxpayDemo.app */ = {isa = PBXFileReference; explicitFileType = wrapper.application; includeInIndex = 0; path = BoxpayDemo.app; sourceTree = BUILT_PRODUCTS_DIR; };
		AC59EF7E2D265A4600A12D2F /* BoxpayDemoApp.swift */ = {isa = PBXFileReference; lastKnownFileType = sourcecode.swift; path = BoxpayDemoApp.swift; sourceTree = "<group>"; };
		AC59EF802D265A4600A12D2F /* ContentView.swift */ = {isa = PBXFileReference; lastKnownFileType = sourcecode.swift; path = ContentView.swift; sourceTree = "<group>"; };
		AC59EF822D265A4900A12D2F /* Assets.xcassets */ = {isa = PBXFileReference; lastKnownFileType = folder.assetcatalog; path = Assets.xcassets; sourceTree = "<group>"; };
		AC59EF852D265A4900A12D2F /* Preview Assets.xcassets */ = {isa = PBXFileReference; lastKnownFileType = folder.assetcatalog; path = "Preview Assets.xcassets"; sourceTree = "<group>"; };
		AC59EF982D27CA6F00A12D2F /* Info.plist */ = {isa = PBXFileReference; lastKnownFileType = text.plist; path = Info.plist; sourceTree = "<group>"; };
		AC6A65B92D2282B400B4DAE5 /* boxpay_ios_checkout.framework */ = {isa = PBXFileReference; explicitFileType = wrapper.framework; includeInIndex = 0; path = boxpay_ios_checkout.framework; sourceTree = BUILT_PRODUCTS_DIR; };
		AC6A65BC2D2282B400B4DAE5 /* boxpay_ios_checkout.h */ = {isa = PBXFileReference; lastKnownFileType = sourcecode.c.h; path = boxpay_ios_checkout.h; sourceTree = "<group>"; };
		AC6A65C52D22833E00B4DAE5 /* MainCheckoutSheet.swift */ = {isa = PBXFileReference; lastKnownFileType = sourcecode.swift; path = MainCheckoutSheet.swift; sourceTree = "<group>"; };
		AC6A65C72D22AE8100B4DAE5 /* Media.xcassets */ = {isa = PBXFileReference; lastKnownFileType = folder.assetcatalog; path = Media.xcassets; sourceTree = "<group>"; };
		AC6A65C92D22B20500B4DAE5 /* TestClass.swift */ = {isa = PBXFileReference; lastKnownFileType = sourcecode.swift; path = TestClass.swift; sourceTree = "<group>"; };
		AC6A65F42D23B93400B4DAE5 /* Info.plist */ = {isa = PBXFileReference; lastKnownFileType = text.plist.xml; path = Info.plist; sourceTree = "<group>"; };
		AC7EA47F2D3E294100E279FF /* GeneralSuccessScreen.swift */ = {isa = PBXFileReference; lastKnownFileType = sourcecode.swift; path = GeneralSuccessScreen.swift; sourceTree = "<group>"; };
		AC7EA4812D40EA4E00E279FF /* PaymentResponse.swift */ = {isa = PBXFileReference; lastKnownFileType = sourcecode.swift; path = PaymentResponse.swift; sourceTree = "<group>"; };
		AC7EA4832D40F6AA00E279FF /* PaymentFailureScreen.swift */ = {isa = PBXFileReference; lastKnownFileType = sourcecode.swift; path = PaymentFailureScreen.swift; sourceTree = "<group>"; };
		AC7EA4862D422D2E00E279FF /* TimerManager.swift */ = {isa = PBXFileReference; lastKnownFileType = sourcecode.swift; path = TimerManager.swift; sourceTree = "<group>"; };
		AC7EA4882D4230CA00E279FF /* SessionExpireScreen.swift */ = {isa = PBXFileReference; lastKnownFileType = sourcecode.swift; path = SessionExpireScreen.swift; sourceTree = "<group>"; };
		AC7EA48A2D4233AA00E279FF /* Color.swift */ = {isa = PBXFileReference; lastKnownFileType = sourcecode.swift; path = Color.swift; sourceTree = "<group>"; };
		AC7EA48C2D423F7D00E279FF /* TimeDifferenceCalculator.swift */ = {isa = PBXFileReference; lastKnownFileType = sourcecode.swift; path = TimeDifferenceCalculator.swift; sourceTree = "<group>"; };
		AC7EA48E2D47558900E279FF /* AddCardView.swift */ = {isa = PBXFileReference; lastKnownFileType = sourcecode.swift; path = AddCardView.swift; sourceTree = "<group>"; };
		AC7EA4902D47881B00E279FF /* NavigationHelper.swift */ = {isa = PBXFileReference; lastKnownFileType = sourcecode.swift; path = NavigationHelper.swift; sourceTree = "<group>"; };
		AC7EA4932D47AD6000E279FF /* CVVInfoView.swift */ = {isa = PBXFileReference; lastKnownFileType = sourcecode.swift; path = CVVInfoView.swift; sourceTree = "<group>"; };
		AC7EA4952D49064200E279FF /* KeyboardDismissModifier.swift */ = {isa = PBXFileReference; lastKnownFileType = sourcecode.swift; path = KeyboardDismissModifier.swift; sourceTree = "<group>"; };
		AC7EA4972D49EFD300E279FF /* WebViewScreen.swift */ = {isa = PBXFileReference; lastKnownFileType = sourcecode.swift; path = WebViewScreen.swift; sourceTree = "<group>"; };
		AC7EA49D2D49FDEA00E279FF /* LoaderViewModifier.swift */ = {isa = PBXFileReference; lastKnownFileType = sourcecode.swift; path = LoaderViewModifier.swift; sourceTree = "<group>"; };
		AC7EA49F2D4A04BB00E279FF /* CustomFailureSheetModifier.swift */ = {isa = PBXFileReference; lastKnownFileType = sourcecode.swift; path = CustomFailureSheetModifier.swift; sourceTree = "<group>"; };
		AC7EA4A32D4A088900E279FF /* PaymentViewModel.swift */ = {isa = PBXFileReference; lastKnownFileType = sourcecode.swift; path = PaymentViewModel.swift; sourceTree = "<group>"; };
		AC7EA4A52D4A08BF00E279FF /* RepeatingTask.swift */ = {isa = PBXFileReference; lastKnownFileType = sourcecode.swift; path = RepeatingTask.swift; sourceTree = "<group>"; };
		AC7EA4A72D4A35D100E279FF /* PaymentResultDelegate.swift */ = {isa = PBXFileReference; lastKnownFileType = sourcecode.swift; path = PaymentResultDelegate.swift; sourceTree = "<group>"; };
		AC7EA4A92D4A35E200E279FF /* PaymentResultObject.swift */ = {isa = PBXFileReference; lastKnownFileType = sourcecode.swift; path = PaymentResultObject.swift; sourceTree = "<group>"; };
		AC7EA4AB2D4A35FB00E279FF /* PaymentCallbackManager.swift */ = {isa = PBXFileReference; lastKnownFileType = sourcecode.swift; path = PaymentCallbackManager.swift; sourceTree = "<group>"; };
		AC7EA4AD2D4A431E00E279FF /* PaymentViewController.swift */ = {isa = PBXFileReference; lastKnownFileType = sourcecode.swift; path = PaymentViewController.swift; sourceTree = "<group>"; };
		AC7EA4AF2D4A433000E279FF /* ConfigurationOptions.swift */ = {isa = PBXFileReference; lastKnownFileType = sourcecode.swift; path = ConfigurationOptions.swift; sourceTree = "<group>"; };
		AC7EA4B22D4B3F4F00E279FF /* DismissManager.swift */ = {isa = PBXFileReference; lastKnownFileType = sourcecode.swift; path = DismissManager.swift; sourceTree = "<group>"; };
		ACCC75A42D38E93800D50347 /* Contentnew.swift */ = {isa = PBXFileReference; lastKnownFileType = sourcecode.swift; path = Contentnew.swift; sourceTree = "<group>"; };
/* End PBXFileReference section */

/* Begin PBXFrameworksBuildPhase section */
		AC59EF792D265A4500A12D2F /* Frameworks */ = {
			isa = PBXFrameworksBuildPhase;
			buildActionMask = 2147483647;
			files = (
				ACCC75A92D38EB7A00D50347 /* boxpay_ios_checkout.framework in Frameworks */,
			);
			runOnlyForDeploymentPostprocessing = 0;
		};
		AC6A65B62D2282B400B4DAE5 /* Frameworks */ = {
			isa = PBXFrameworksBuildPhase;
			buildActionMask = 2147483647;
			files = (
			);
			runOnlyForDeploymentPostprocessing = 0;
		};
/* End PBXFrameworksBuildPhase section */

/* Begin PBXGroup section */
		AC27EA1D2D2FA8850012B47A /* Models */ = {
			isa = PBXGroup;
			children = (
				AC7EA4AF2D4A433000E279FF /* ConfigurationOptions.swift */,
				AC7EA4A92D4A35E200E279FF /* PaymentResultObject.swift */,
				AC7EA4812D40EA4E00E279FF /* PaymentResponse.swift */,
				AC27EA1E2D2FA8950012B47A /* CheckoutSessionResponse.swift */,
			);
			path = Models;
			sourceTree = "<group>";
		};
		AC27EA222D36483E0012B47A /* Frameworks */ = {
			isa = PBXGroup;
			children = (
			);
			name = Frameworks;
			sourceTree = "<group>";
		};
		AC27EA262D3679B30012B47A /* Network */ = {
			isa = PBXGroup;
			children = (
				AC27EA242D3667340012B47A /* APIManager.swift */,
			);
			path = Network;
			sourceTree = "<group>";
		};
		AC59EF7D2D265A4600A12D2F /* BoxpayDemo */ = {
			isa = PBXGroup;
			children = (
				AC59EF982D27CA6F00A12D2F /* Info.plist */,
				AC59EF7E2D265A4600A12D2F /* BoxpayDemoApp.swift */,
				AC59EF802D265A4600A12D2F /* ContentView.swift */,
				AC59EF822D265A4900A12D2F /* Assets.xcassets */,
				AC59EF842D265A4900A12D2F /* Preview Content */,
			);
			path = BoxpayDemo;
			sourceTree = "<group>";
		};
		AC59EF842D265A4900A12D2F /* Preview Content */ = {
			isa = PBXGroup;
			children = (
				AC59EF852D265A4900A12D2F /* Preview Assets.xcassets */,
			);
			path = "Preview Content";
			sourceTree = "<group>";
		};
		AC6A65AF2D2282B400B4DAE5 = {
			isa = PBXGroup;
			children = (
				AC6A65BB2D2282B400B4DAE5 /* boxpay-ios-checkout */,
				AC59EF7D2D265A4600A12D2F /* BoxpayDemo */,
				AC27EA222D36483E0012B47A /* Frameworks */,
				AC6A65BA2D2282B400B4DAE5 /* Products */,
			);
			sourceTree = "<group>";
		};
		AC6A65BA2D2282B400B4DAE5 /* Products */ = {
			isa = PBXGroup;
			children = (
				AC6A65B92D2282B400B4DAE5 /* boxpay_ios_checkout.framework */,
				AC59EF7C2D265A4600A12D2F /* BoxpayDemo.app */,
			);
			name = Products;
			sourceTree = "<group>";
		};
		AC6A65BB2D2282B400B4DAE5 /* boxpay-ios-checkout */ = {
			isa = PBXGroup;
			children = (
				AC7EA4B12D4B3DE900E279FF /* PaymentUtils */,
				AC7EA4852D422D2100E279FF /* Utils */,
				AC7EA47E2D3E293700E279FF /* Screens */,
				AC27EA262D3679B30012B47A /* Network */,
				AC27EA1D2D2FA8850012B47A /* Models */,
				AC6A65F42D23B93400B4DAE5 /* Info.plist */,
				AC6A65BC2D2282B400B4DAE5 /* boxpay_ios_checkout.h */,
				ACCC75A42D38E93800D50347 /* Contentnew.swift */,
				AC6A65C52D22833E00B4DAE5 /* MainCheckoutSheet.swift */,
				AC6A65C92D22B20500B4DAE5 /* TestClass.swift */,
				AC6A65C72D22AE8100B4DAE5 /* Media.xcassets */,
			);
			path = "boxpay-ios-checkout";
			sourceTree = "<group>";
		};
		AC7EA47E2D3E293700E279FF /* Screens */ = {
			isa = PBXGroup;
			children = (
				AC7EA4932D47AD6000E279FF /* CVVInfoView.swift */,
				AC7EA48E2D47558900E279FF /* AddCardView.swift */,
				AC7EA4882D4230CA00E279FF /* SessionExpireScreen.swift */,
				AC7EA4832D40F6AA00E279FF /* PaymentFailureScreen.swift */,
				AC7EA47F2D3E294100E279FF /* GeneralSuccessScreen.swift */,
			);
			path = Screens;
			sourceTree = "<group>";
		};
		AC7EA4852D422D2100E279FF /* Utils */ = {
			isa = PBXGroup;
			children = (
				AC7EA4B22D4B3F4F00E279FF /* DismissManager.swift */,
				AC7EA49F2D4A04BB00E279FF /* CustomFailureSheetModifier.swift */,
				AC7EA49D2D49FDEA00E279FF /* LoaderViewModifier.swift */,
				AC7EA4972D49EFD300E279FF /* WebViewScreen.swift */,
				AC7EA4952D49064200E279FF /* KeyboardDismissModifier.swift */,
				AC7EA4902D47881B00E279FF /* NavigationHelper.swift */,
				AC7EA48C2D423F7D00E279FF /* TimeDifferenceCalculator.swift */,
				AC7EA48A2D4233AA00E279FF /* Color.swift */,
				AC7EA4862D422D2E00E279FF /* TimerManager.swift */,
			);
			path = Utils;
			sourceTree = "<group>";
		};
		AC7EA4B12D4B3DE900E279FF /* PaymentUtils */ = {
			isa = PBXGroup;
			children = (
				AC7EA4AD2D4A431E00E279FF /* PaymentViewController.swift */,
				AC7EA4AB2D4A35FB00E279FF /* PaymentCallbackManager.swift */,
				AC7EA4A72D4A35D100E279FF /* PaymentResultDelegate.swift */,
				AC7EA4A32D4A088900E279FF /* PaymentViewModel.swift */,
				AC7EA4A52D4A08BF00E279FF /* RepeatingTask.swift */,
			);
			path = PaymentUtils;
			sourceTree = "<group>";
		};
/* End PBXGroup section */

/* Begin PBXHeadersBuildPhase section */
		AC6A65B42D2282B400B4DAE5 /* Headers */ = {
			isa = PBXHeadersBuildPhase;
			buildActionMask = 2147483647;
			files = (
				AC6A65BD2D2282B400B4DAE5 /* boxpay_ios_checkout.h in Headers */,
			);
			runOnlyForDeploymentPostprocessing = 0;
		};
/* End PBXHeadersBuildPhase section */

/* Begin PBXNativeTarget section */
		AC59EF7B2D265A4500A12D2F /* BoxpayDemo */ = {
			isa = PBXNativeTarget;
			buildConfigurationList = AC59EF872D265A4900A12D2F /* Build configuration list for PBXNativeTarget "BoxpayDemo" */;
			buildPhases = (
				AC59EF782D265A4500A12D2F /* Sources */,
				AC59EF792D265A4500A12D2F /* Frameworks */,
				AC59EF7A2D265A4500A12D2F /* Resources */,
				ACCC75A82D38E9F100D50347 /* Embed Frameworks */,
			);
			buildRules = (
			);
			dependencies = (
			);
			name = BoxpayDemo;
			productName = BoxpayDemo;
			productReference = AC59EF7C2D265A4600A12D2F /* BoxpayDemo.app */;
			productType = "com.apple.product-type.application";
		};
		AC6A65B82D2282B400B4DAE5 /* boxpay-ios-checkout */ = {
			isa = PBXNativeTarget;
			buildConfigurationList = AC6A65C02D2282B400B4DAE5 /* Build configuration list for PBXNativeTarget "boxpay-ios-checkout" */;
			buildPhases = (
				AC6A65B42D2282B400B4DAE5 /* Headers */,
				AC6A65B52D2282B400B4DAE5 /* Sources */,
				AC6A65B62D2282B400B4DAE5 /* Frameworks */,
				AC6A65B72D2282B400B4DAE5 /* Resources */,
			);
			buildRules = (
			);
			dependencies = (
			);
			name = "boxpay-ios-checkout";
			productName = "boxpay-ios-checkout";
			productReference = AC6A65B92D2282B400B4DAE5 /* boxpay_ios_checkout.framework */;
			productType = "com.apple.product-type.framework";
		};
/* End PBXNativeTarget section */

/* Begin PBXProject section */
		AC6A65B02D2282B400B4DAE5 /* Project object */ = {
			isa = PBXProject;
			attributes = {
				BuildIndependentTargetsInParallel = 1;
				LastSwiftUpdateCheck = 1420;
				LastUpgradeCheck = 1420;
				TargetAttributes = {
					AC59EF7B2D265A4500A12D2F = {
						CreatedOnToolsVersion = 14.2;
					};
					AC6A65B82D2282B400B4DAE5 = {
						CreatedOnToolsVersion = 14.2;
						LastSwiftMigration = 1420;
					};
				};
			};
			buildConfigurationList = AC6A65B32D2282B400B4DAE5 /* Build configuration list for PBXProject "boxpay-ios-checkout" */;
			compatibilityVersion = "Xcode 14.0";
			developmentRegion = en;
			hasScannedForEncodings = 0;
			knownRegions = (
				en,
				Base,
			);
			mainGroup = AC6A65AF2D2282B400B4DAE5;
			productRefGroup = AC6A65BA2D2282B400B4DAE5 /* Products */;
			projectDirPath = "";
			projectRoot = "";
			targets = (
				AC6A65B82D2282B400B4DAE5 /* boxpay-ios-checkout */,
				AC59EF7B2D265A4500A12D2F /* BoxpayDemo */,
			);
		};
/* End PBXProject section */

/* Begin PBXResourcesBuildPhase section */
		AC59EF7A2D265A4500A12D2F /* Resources */ = {
			isa = PBXResourcesBuildPhase;
			buildActionMask = 2147483647;
			files = (
				AC59EF862D265A4900A12D2F /* Preview Assets.xcassets in Resources */,
				AC59EF832D265A4900A12D2F /* Assets.xcassets in Resources */,
			);
			runOnlyForDeploymentPostprocessing = 0;
		};
		AC6A65B72D2282B400B4DAE5 /* Resources */ = {
			isa = PBXResourcesBuildPhase;
			buildActionMask = 2147483647;
			files = (
				AC6A65C82D22AE8100B4DAE5 /* Media.xcassets in Resources */,
			);
			runOnlyForDeploymentPostprocessing = 0;
		};
/* End PBXResourcesBuildPhase section */

/* Begin PBXSourcesBuildPhase section */
		AC59EF782D265A4500A12D2F /* Sources */ = {
			isa = PBXSourcesBuildPhase;
			buildActionMask = 2147483647;
			files = (
				AC59EF812D265A4600A12D2F /* ContentView.swift in Sources */,
				AC27EA192D2FA4520012B47A /* BoxpayDemoApp.swift in Sources */,
			);
			runOnlyForDeploymentPostprocessing = 0;
		};
		AC6A65B52D2282B400B4DAE5 /* Sources */ = {
			isa = PBXSourcesBuildPhase;
			buildActionMask = 2147483647;
			files = (
				AC7EA4A82D4A35D200E279FF /* PaymentResultDelegate.swift in Sources */,
				AC7EA4802D3E294400E279FF /* GeneralSuccessScreen.swift in Sources */,
				ACCC75A52D38E94300D50347 /* Contentnew.swift in Sources */,
				AC7EA49E2D49FDEC00E279FF /* LoaderViewModifier.swift in Sources */,
				AC7EA4822D40EA5500E279FF /* PaymentResponse.swift in Sources */,
				AC7EA4892D4230D600E279FF /* SessionExpireScreen.swift in Sources */,
				AC7EA4982D49EFD500E279FF /* WebViewScreen.swift in Sources */,
				AC7EA4AA2D4A35E200E279FF /* PaymentResultObject.swift in Sources */,
				AC7EA4962D49064700E279FF /* KeyboardDismissModifier.swift in Sources */,
				AC7EA48B2D4233B100E279FF /* Color.swift in Sources */,
				AC7EA4842D40F6AC00E279FF /* PaymentFailureScreen.swift in Sources */,
				AC7EA4B32D4B3F5000E279FF /* DismissManager.swift in Sources */,
				AC27EA252D3667340012B47A /* APIManager.swift in Sources */,
				AC7EA48F2D47558900E279FF /* AddCardView.swift in Sources */,
				AC7EA4AC2D4A35FB00E279FF /* PaymentCallbackManager.swift in Sources */,
				AC7EA4A42D4A088C00E279FF /* PaymentViewModel.swift in Sources */,
				AC7EA4A02D4A04C900E279FF /* CustomFailureSheetModifier.swift in Sources */,
				AC27EA212D2FDC070012B47A /* MainCheckoutSheet.swift in Sources */,
				AC7EA4AE2D4A431E00E279FF /* PaymentViewController.swift in Sources */,
				AC7EA4A62D4A08C600E279FF /* RepeatingTask.swift in Sources */,
				AC7EA4912D47882D00E279FF /* NavigationHelper.swift in Sources */,
				AC7EA4872D422D3100E279FF /* TimerManager.swift in Sources */,
				AC7EA4B02D4A433000E279FF /* ConfigurationOptions.swift in Sources */,
				AC7EA48D2D423F7F00E279FF /* TimeDifferenceCalculator.swift in Sources */,
				AC27EA1F2D2FA8A10012B47A /* CheckoutSessionResponse.swift in Sources */,
				AC7EA4942D47AD6000E279FF /* CVVInfoView.swift in Sources */,
				AC6A65CA2D22B20500B4DAE5 /* TestClass.swift in Sources */,
			);
			runOnlyForDeploymentPostprocessing = 0;
		};
/* End PBXSourcesBuildPhase section */

/* Begin XCBuildConfiguration section */
		AC59EF882D265A4900A12D2F /* Debug */ = {
			isa = XCBuildConfiguration;
			buildSettings = {
				ASSETCATALOG_COMPILER_APPICON_NAME = AppIcon;
				ASSETCATALOG_COMPILER_GLOBAL_ACCENT_COLOR_NAME = AccentColor;
				CODE_SIGN_STYLE = Automatic;
				CURRENT_PROJECT_VERSION = 1;
				DEVELOPMENT_ASSET_PATHS = "\"BoxpayDemo/Preview Content\"";
				DEVELOPMENT_TEAM = D96785JPX5;
				ENABLE_PREVIEWS = YES;
				GENERATE_INFOPLIST_FILE = YES;
				INFOPLIST_FILE = BoxpayDemo/Info.plist;
				INFOPLIST_KEY_UIApplicationSupportsIndirectInputEvents = YES;
				INFOPLIST_KEY_UILaunchScreen_Generation = YES;
				INFOPLIST_KEY_UISupportedInterfaceOrientations_iPad = "UIInterfaceOrientationPortrait UIInterfaceOrientationPortraitUpsideDown UIInterfaceOrientationLandscapeLeft UIInterfaceOrientationLandscapeRight";
				INFOPLIST_KEY_UISupportedInterfaceOrientations_iPhone = "UIInterfaceOrientationPortrait UIInterfaceOrientationLandscapeLeft UIInterfaceOrientationLandscapeRight";
				LD_RUNPATH_SEARCH_PATHS = (
					"$(inherited)",
					"@executable_path/Frameworks",
				);
				MARKETING_VERSION = 1.0;
				PRODUCT_BUNDLE_IDENTIFIER = com.BoxpayDemo;
				PRODUCT_NAME = "$(TARGET_NAME)";
				SWIFT_EMIT_LOC_STRINGS = YES;
				SWIFT_VERSION = 5.0;
				TARGETED_DEVICE_FAMILY = "1,2";
			};
			name = Debug;
		};
		AC59EF892D265A4900A12D2F /* Release */ = {
			isa = XCBuildConfiguration;
			buildSettings = {
				ASSETCATALOG_COMPILER_APPICON_NAME = AppIcon;
				ASSETCATALOG_COMPILER_GLOBAL_ACCENT_COLOR_NAME = AccentColor;
				CODE_SIGN_STYLE = Automatic;
				CURRENT_PROJECT_VERSION = 1;
				DEVELOPMENT_ASSET_PATHS = "\"BoxpayDemo/Preview Content\"";
				DEVELOPMENT_TEAM = D96785JPX5;
				ENABLE_PREVIEWS = YES;
				GENERATE_INFOPLIST_FILE = YES;
				INFOPLIST_FILE = BoxpayDemo/Info.plist;
				INFOPLIST_KEY_UIApplicationSupportsIndirectInputEvents = YES;
				INFOPLIST_KEY_UILaunchScreen_Generation = YES;
				INFOPLIST_KEY_UISupportedInterfaceOrientations_iPad = "UIInterfaceOrientationPortrait UIInterfaceOrientationPortraitUpsideDown UIInterfaceOrientationLandscapeLeft UIInterfaceOrientationLandscapeRight";
				INFOPLIST_KEY_UISupportedInterfaceOrientations_iPhone = "UIInterfaceOrientationPortrait UIInterfaceOrientationLandscapeLeft UIInterfaceOrientationLandscapeRight";
				LD_RUNPATH_SEARCH_PATHS = (
					"$(inherited)",
					"@executable_path/Frameworks",
				);
				MARKETING_VERSION = 1.0;
				PRODUCT_BUNDLE_IDENTIFIER = com.BoxpayDemo;
				PRODUCT_NAME = "$(TARGET_NAME)";
				SWIFT_EMIT_LOC_STRINGS = YES;
				SWIFT_VERSION = 5.0;
				TARGETED_DEVICE_FAMILY = "1,2";
			};
			name = Release;
		};
		AC6A65BE2D2282B400B4DAE5 /* Debug */ = {
			isa = XCBuildConfiguration;
			buildSettings = {
				ALWAYS_SEARCH_USER_PATHS = NO;
				CLANG_ANALYZER_NONNULL = YES;
				CLANG_ANALYZER_NUMBER_OBJECT_CONVERSION = YES_AGGRESSIVE;
				CLANG_CXX_LANGUAGE_STANDARD = "gnu++20";
				CLANG_ENABLE_MODULES = YES;
				CLANG_ENABLE_OBJC_ARC = YES;
				CLANG_ENABLE_OBJC_WEAK = YES;
				CLANG_WARN_BLOCK_CAPTURE_AUTORELEASING = YES;
				CLANG_WARN_BOOL_CONVERSION = YES;
				CLANG_WARN_COMMA = YES;
				CLANG_WARN_CONSTANT_CONVERSION = YES;
				CLANG_WARN_DEPRECATED_OBJC_IMPLEMENTATIONS = YES;
				CLANG_WARN_DIRECT_OBJC_ISA_USAGE = YES_ERROR;
				CLANG_WARN_DOCUMENTATION_COMMENTS = YES;
				CLANG_WARN_EMPTY_BODY = YES;
				CLANG_WARN_ENUM_CONVERSION = YES;
				CLANG_WARN_INFINITE_RECURSION = YES;
				CLANG_WARN_INT_CONVERSION = YES;
				CLANG_WARN_NON_LITERAL_NULL_CONVERSION = YES;
				CLANG_WARN_OBJC_IMPLICIT_RETAIN_SELF = YES;
				CLANG_WARN_OBJC_LITERAL_CONVERSION = YES;
				CLANG_WARN_OBJC_ROOT_CLASS = YES_ERROR;
				CLANG_WARN_QUOTED_INCLUDE_IN_FRAMEWORK_HEADER = YES;
				CLANG_WARN_RANGE_LOOP_ANALYSIS = YES;
				CLANG_WARN_STRICT_PROTOTYPES = YES;
				CLANG_WARN_SUSPICIOUS_MOVE = YES;
				CLANG_WARN_UNGUARDED_AVAILABILITY = YES_AGGRESSIVE;
				CLANG_WARN_UNREACHABLE_CODE = YES;
				CLANG_WARN__DUPLICATE_METHOD_MATCH = YES;
				COPY_PHASE_STRIP = NO;
				CURRENT_PROJECT_VERSION = 1;
				DEBUG_INFORMATION_FORMAT = dwarf;
				ENABLE_STRICT_OBJC_MSGSEND = YES;
				ENABLE_TESTABILITY = YES;
				GCC_C_LANGUAGE_STANDARD = gnu11;
				GCC_DYNAMIC_NO_PIC = NO;
				GCC_NO_COMMON_BLOCKS = YES;
				GCC_OPTIMIZATION_LEVEL = 0;
				GCC_PREPROCESSOR_DEFINITIONS = (
					"DEBUG=1",
					"$(inherited)",
				);
				GCC_WARN_64_TO_32_BIT_CONVERSION = YES;
				GCC_WARN_ABOUT_RETURN_TYPE = YES_ERROR;
				GCC_WARN_UNDECLARED_SELECTOR = YES;
				GCC_WARN_UNINITIALIZED_AUTOS = YES_AGGRESSIVE;
				GCC_WARN_UNUSED_FUNCTION = YES;
				GCC_WARN_UNUSED_VARIABLE = YES;
				IPHONEOS_DEPLOYMENT_TARGET = 16.2;
				MTL_ENABLE_DEBUG_INFO = INCLUDE_SOURCE;
				MTL_FAST_MATH = YES;
				ONLY_ACTIVE_ARCH = YES;
				SDKROOT = iphoneos;
				SWIFT_ACTIVE_COMPILATION_CONDITIONS = DEBUG;
				SWIFT_OPTIMIZATION_LEVEL = "-Onone";
				VERSIONING_SYSTEM = "apple-generic";
				VERSION_INFO_PREFIX = "";
			};
			name = Debug;
		};
		AC6A65BF2D2282B400B4DAE5 /* Release */ = {
			isa = XCBuildConfiguration;
			buildSettings = {
				ALWAYS_SEARCH_USER_PATHS = NO;
				CLANG_ANALYZER_NONNULL = YES;
				CLANG_ANALYZER_NUMBER_OBJECT_CONVERSION = YES_AGGRESSIVE;
				CLANG_CXX_LANGUAGE_STANDARD = "gnu++20";
				CLANG_ENABLE_MODULES = YES;
				CLANG_ENABLE_OBJC_ARC = YES;
				CLANG_ENABLE_OBJC_WEAK = YES;
				CLANG_WARN_BLOCK_CAPTURE_AUTORELEASING = YES;
				CLANG_WARN_BOOL_CONVERSION = YES;
				CLANG_WARN_COMMA = YES;
				CLANG_WARN_CONSTANT_CONVERSION = YES;
				CLANG_WARN_DEPRECATED_OBJC_IMPLEMENTATIONS = YES;
				CLANG_WARN_DIRECT_OBJC_ISA_USAGE = YES_ERROR;
				CLANG_WARN_DOCUMENTATION_COMMENTS = YES;
				CLANG_WARN_EMPTY_BODY = YES;
				CLANG_WARN_ENUM_CONVERSION = YES;
				CLANG_WARN_INFINITE_RECURSION = YES;
				CLANG_WARN_INT_CONVERSION = YES;
				CLANG_WARN_NON_LITERAL_NULL_CONVERSION = YES;
				CLANG_WARN_OBJC_IMPLICIT_RETAIN_SELF = YES;
				CLANG_WARN_OBJC_LITERAL_CONVERSION = YES;
				CLANG_WARN_OBJC_ROOT_CLASS = YES_ERROR;
				CLANG_WARN_QUOTED_INCLUDE_IN_FRAMEWORK_HEADER = YES;
				CLANG_WARN_RANGE_LOOP_ANALYSIS = YES;
				CLANG_WARN_STRICT_PROTOTYPES = YES;
				CLANG_WARN_SUSPICIOUS_MOVE = YES;
				CLANG_WARN_UNGUARDED_AVAILABILITY = YES_AGGRESSIVE;
				CLANG_WARN_UNREACHABLE_CODE = YES;
				CLANG_WARN__DUPLICATE_METHOD_MATCH = YES;
				COPY_PHASE_STRIP = NO;
				CURRENT_PROJECT_VERSION = 1;
				DEBUG_INFORMATION_FORMAT = "dwarf-with-dsym";
				ENABLE_NS_ASSERTIONS = NO;
				ENABLE_STRICT_OBJC_MSGSEND = YES;
				GCC_C_LANGUAGE_STANDARD = gnu11;
				GCC_NO_COMMON_BLOCKS = YES;
				GCC_WARN_64_TO_32_BIT_CONVERSION = YES;
				GCC_WARN_ABOUT_RETURN_TYPE = YES_ERROR;
				GCC_WARN_UNDECLARED_SELECTOR = YES;
				GCC_WARN_UNINITIALIZED_AUTOS = YES_AGGRESSIVE;
				GCC_WARN_UNUSED_FUNCTION = YES;
				GCC_WARN_UNUSED_VARIABLE = YES;
				IPHONEOS_DEPLOYMENT_TARGET = 16.2;
				MTL_ENABLE_DEBUG_INFO = NO;
				MTL_FAST_MATH = YES;
				ONLY_ACTIVE_ARCH = YES;
				SDKROOT = iphoneos;
				SWIFT_COMPILATION_MODE = wholemodule;
				SWIFT_OPTIMIZATION_LEVEL = "-O";
				VALIDATE_PRODUCT = YES;
				VERSIONING_SYSTEM = "apple-generic";
				VERSION_INFO_PREFIX = "";
			};
			name = Release;
		};
		AC6A65C12D2282B400B4DAE5 /* Debug */ = {
			isa = XCBuildConfiguration;
			buildSettings = {
				CLANG_ENABLE_MODULES = YES;
				CODE_SIGN_STYLE = Automatic;
				CURRENT_PROJECT_VERSION = 1;
				DEFINES_MODULE = YES;
				DYLIB_COMPATIBILITY_VERSION = 1;
				DYLIB_CURRENT_VERSION = 1;
				DYLIB_INSTALL_NAME_BASE = "@rpath";
				GENERATE_INFOPLIST_FILE = YES;
				INFOPLIST_FILE = "boxpay-ios-checkout/Info.plist";
				INFOPLIST_KEY_NSHumanReadableCopyright = "";
				INSTALL_PATH = "$(LOCAL_LIBRARY_DIR)/Frameworks";
				IPHONEOS_DEPLOYMENT_TARGET = 14.0;
				LD_RUNPATH_SEARCH_PATHS = (
					"$(inherited)",
					"@executable_path/Frameworks",
					"@loader_path/Frameworks",
				);
				MARKETING_VERSION = 1.0;
				PRODUCT_BUNDLE_IDENTIFIER = "com.boxpay-ios-checkout";
				PRODUCT_NAME = "$(TARGET_NAME:c99extidentifier)";
				SKIP_INSTALL = YES;
				SUPPORTED_PLATFORMS = "iphoneos iphonesimulator";
				SUPPORTS_MACCATALYST = NO;
				SUPPORTS_MAC_DESIGNED_FOR_IPHONE_IPAD = NO;
				SWIFT_EMIT_LOC_STRINGS = YES;
				SWIFT_OPTIMIZATION_LEVEL = "-Onone";
				SWIFT_VERSION = 5.0;
				TARGETED_DEVICE_FAMILY = "1,2";
			};
			name = Debug;
		};
		AC6A65C22D2282B400B4DAE5 /* Release */ = {
			isa = XCBuildConfiguration;
			buildSettings = {
				CLANG_ENABLE_MODULES = YES;
				CODE_SIGN_STYLE = Automatic;
				CURRENT_PROJECT_VERSION = 1;
				DEFINES_MODULE = YES;
				DYLIB_COMPATIBILITY_VERSION = 1;
				DYLIB_CURRENT_VERSION = 1;
				DYLIB_INSTALL_NAME_BASE = "@rpath";
				GENERATE_INFOPLIST_FILE = YES;
				INFOPLIST_FILE = "boxpay-ios-checkout/Info.plist";
				INFOPLIST_KEY_NSHumanReadableCopyright = "";
				INSTALL_PATH = "$(LOCAL_LIBRARY_DIR)/Frameworks";
				IPHONEOS_DEPLOYMENT_TARGET = 14.0;
				LD_RUNPATH_SEARCH_PATHS = (
					"$(inherited)",
					"@executable_path/Frameworks",
					"@loader_path/Frameworks",
				);
				MARKETING_VERSION = 1.0;
				PRODUCT_BUNDLE_IDENTIFIER = "com.boxpay-ios-checkout";
				PRODUCT_NAME = "$(TARGET_NAME:c99extidentifier)";
				SKIP_INSTALL = YES;
				SUPPORTED_PLATFORMS = "iphoneos iphonesimulator";
				SUPPORTS_MACCATALYST = NO;
				SUPPORTS_MAC_DESIGNED_FOR_IPHONE_IPAD = NO;
				SWIFT_EMIT_LOC_STRINGS = YES;
				SWIFT_VERSION = 5.0;
				TARGETED_DEVICE_FAMILY = "1,2";
			};
			name = Release;
		};
/* End XCBuildConfiguration section */

/* Begin XCConfigurationList section */
		AC59EF872D265A4900A12D2F /* Build configuration list for PBXNativeTarget "BoxpayDemo" */ = {
			isa = XCConfigurationList;
			buildConfigurations = (
				AC59EF882D265A4900A12D2F /* Debug */,
				AC59EF892D265A4900A12D2F /* Release */,
			);
			defaultConfigurationIsVisible = 0;
			defaultConfigurationName = Release;
		};
		AC6A65B32D2282B400B4DAE5 /* Build configuration list for PBXProject "boxpay-ios-checkout" */ = {
			isa = XCConfigurationList;
			buildConfigurations = (
				AC6A65BE2D2282B400B4DAE5 /* Debug */,
				AC6A65BF2D2282B400B4DAE5 /* Release */,
			);
			defaultConfigurationIsVisible = 0;
			defaultConfigurationName = Release;
		};
		AC6A65C02D2282B400B4DAE5 /* Build configuration list for PBXNativeTarget "boxpay-ios-checkout" */ = {
			isa = XCConfigurationList;
			buildConfigurations = (
				AC6A65C12D2282B400B4DAE5 /* Debug */,
				AC6A65C22D2282B400B4DAE5 /* Release */,
			);
			defaultConfigurationIsVisible = 0;
			defaultConfigurationName = Release;
		};
/* End XCConfigurationList section */
	};
	rootObject = AC6A65B02D2282B400B4DAE5 /* Project object */;
}
